
Microsoft Visual Studio Solution File, Format Version 12.00
# Visual Studio Version 17
VisualStudioVersion = 17.14.36518.9 d17.14
MinimumVisualStudioVersion = 10.0.40219.1
Project("{8BC9CEB8-8B4A-11D0-8D11-00A0C91BC942}") = "WalkTheDogGitHub", "WalkTheDogGitHub\WalkTheDogGitHub.vcxproj", "{37505F6C-88B8-4BFA-804D-B74D39C87DAC}"
EndProject
Global
	GlobalSection(SolutionConfigurationPlatforms) = preSolution
		Debug|x64 = Debug|x64
		Debug|x86 = Debug|x86
		Release|x64 = Release|x64
		Release|x86 = Release|x86
	EndGlobalSection
	GlobalSection(ProjectConfigurationPlatforms) = postSolution
		{37505F6C-88B8-4BFA-804D-B74D39C87DAC}.Debug|x64.ActiveCfg = Debug|x64
		{37505F6C-88B8-4BFA-804D-B74D39C87DAC}.Debug|x64.Build.0 = Debug|x64
		{37505F6C-88B8-4BFA-804D-B74D39C87DAC}.Debug|x86.ActiveCfg = Debug|Win32
		{37505F6C-88B8-4BFA-804D-B74D39C87DAC}.Debug|x86.Build.0 = Debug|Win32
		{37505F6C-88B8-4BFA-804D-B74D39C87DAC}.Release|x64.ActiveCfg = Release|x64
		{37505F6C-88B8-4BFA-804D-B74D39C87DAC}.Release|x64.Build.0 = Release|x64
		{37505F6C-88B8-4BFA-804D-B74D39C87DAC}.Release|x86.ActiveCfg = Release|Win32
		{37505F6C-88B8-4BFA-804D-B74D39C87DAC}.Release|x86.Build.0 = Release|Win32
	EndGlobalSection
	GlobalSection(SolutionProperties) = preSolution
		HideSolutionNode = FALSE
	EndGlobalSection
	GlobalSection(ExtensibilityGlobals) = postSolution
		SolutionGuid = {8A6731C4-C1D9-41BE-B924-97CDCEE65FC2}
	EndGlobalSection
EndGlobal
